
Microsoft Visual Studio Solution File, Format Version 12.00
# Visual Studio Version 17
VisualStudioVersion = 17.2.32630.192
MinimumVisualStudioVersion = 10.0.40219.1
Project("{FAE04EC0-301F-11D3-BF4B-00C04F79EFBC}") = "myPortfolioASP.NET", "myPortfolioASP.NET\myPortfolioASP.NET.csproj", "{C62EB0C4-407E-405C-BDC3-946588B87EA2}"
EndProject
Global
	GlobalSection(SolutionConfigurationPlatforms) = preSolution
		Debug|Any CPU = Debug|Any CPU
		Release|Any CPU = Release|Any CPU
	EndGlobalSection
	GlobalSection(ProjectConfigurationPlatforms) = postSolution
		{C62EB0C4-407E-405C-BDC3-946588B87EA2}.Debug|Any CPU.ActiveCfg = Debug|Any CPU
		{C62EB0C4-407E-405C-BDC3-946588B87EA2}.Debug|Any CPU.Build.0 = Debug|Any CPU
		{C62EB0C4-407E-405C-BDC3-946588B87EA2}.Release|Any CPU.ActiveCfg = Release|Any CPU
		{C62EB0C4-407E-405C-BDC3-946588B87EA2}.Release|Any CPU.Build.0 = Release|Any CPU
	EndGlobalSection
	GlobalSection(SolutionProperties) = preSolution
		HideSolutionNode = FALSE
	EndGlobalSection
	GlobalSection(ExtensibilityGlobals) = postSolution
		SolutionGuid = {43E43E9B-316A-4291-8366-9B60E4C7A7F1}
	EndGlobalSection
EndGlobal
